
Microsoft Visual Studio Solution File, Format Version 12.00
# Visual Studio 15
VisualStudioVersion = 15.0.27004.2006
MinimumVisualStudioVersion = 10.0.40219.1
Project("{F184B08F-C81C-45F6-A57F-5ABD9991F28F}") = "Lupka", "Lupka\Lupka.vbproj", "{12BD11FC-AB9D-4D73-8C93-12E24C0CA9E0}"
EndProject
Global
	GlobalSection(SolutionConfigurationPlatforms) = preSolution
		Debug|ARM = Debug|ARM
		Debug|x64 = Debug|x64
		Debug|x86 = Debug|x86
		Release|ARM = Release|ARM
		Release|x64 = Release|x64
		Release|x86 = Release|x86
	EndGlobalSection
	GlobalSection(ProjectConfigurationPlatforms) = postSolution
		{12BD11FC-AB9D-4D73-8C93-12E24C0CA9E0}.Debug|ARM.ActiveCfg = Debug|ARM
		{12BD11FC-AB9D-4D73-8C93-12E24C0CA9E0}.Debug|ARM.Build.0 = Debug|ARM
		{12BD11FC-AB9D-4D73-8C93-12E24C0CA9E0}.Debug|ARM.Deploy.0 = Debug|ARM
		{12BD11FC-AB9D-4D73-8C93-12E24C0CA9E0}.Debug|x64.ActiveCfg = Debug|x64
		{12BD11FC-AB9D-4D73-8C93-12E24C0CA9E0}.Debug|x64.Build.0 = Debug|x64
		{12BD11FC-AB9D-4D73-8C93-12E24C0CA9E0}.Debug|x64.Deploy.0 = Debug|x64
		{12BD11FC-AB9D-4D73-8C93-12E24C0CA9E0}.Debug|x86.ActiveCfg = Debug|x86
		{12BD11FC-AB9D-4D73-8C93-12E24C0CA9E0}.Debug|x86.Build.0 = Debug|x86
		{12BD11FC-AB9D-4D73-8C93-12E24C0CA9E0}.Debug|x86.Deploy.0 = Debug|x86
		{12BD11FC-AB9D-4D73-8C93-12E24C0CA9E0}.Release|ARM.ActiveCfg = Release|ARM
		{12BD11FC-AB9D-4D73-8C93-12E24C0CA9E0}.Release|ARM.Build.0 = Release|ARM
		{12BD11FC-AB9D-4D73-8C93-12E24C0CA9E0}.Release|ARM.Deploy.0 = Release|ARM
		{12BD11FC-AB9D-4D73-8C93-12E24C0CA9E0}.Release|x64.ActiveCfg = Release|x64
		{12BD11FC-AB9D-4D73-8C93-12E24C0CA9E0}.Release|x64.Build.0 = Release|x64
		{12BD11FC-AB9D-4D73-8C93-12E24C0CA9E0}.Release|x64.Deploy.0 = Release|x64
		{12BD11FC-AB9D-4D73-8C93-12E24C0CA9E0}.Release|x86.ActiveCfg = Release|x86
		{12BD11FC-AB9D-4D73-8C93-12E24C0CA9E0}.Release|x86.Build.0 = Release|x86
		{12BD11FC-AB9D-4D73-8C93-12E24C0CA9E0}.Release|x86.Deploy.0 = Release|x86
	EndGlobalSection
	GlobalSection(SolutionProperties) = preSolution
		HideSolutionNode = FALSE
	EndGlobalSection
	GlobalSection(ExtensibilityGlobals) = postSolution
		SolutionGuid = {CB83CDF9-A7D1-46BD-8FD0-3B2ADE37042A}
	EndGlobalSection
EndGlobal
